
Microsoft Visual Studio Solution File, Format Version 12.00
# Visual Studio Version 16
VisualStudioVersion = 16.0.32630.194
MinimumVisualStudioVersion = 10.0.40219.1
Project("{FAE04EC0-301F-11D3-BF4B-00C04F79EFBC}") = "LIbrary_Management System", "LIbrary_Management System\LIbrary_Management System.csproj", "{B9B3AFB7-B7D9-4CAB-8C73-05A766CD3EEE}"
EndProject
Global
	GlobalSection(SolutionConfigurationPlatforms) = preSolution
		Debug|Any CPU = Debug|Any CPU
		Release|Any CPU = Release|Any CPU
	EndGlobalSection
	GlobalSection(ProjectConfigurationPlatforms) = postSolution
		{B9B3AFB7-B7D9-4CAB-8C73-05A766CD3EEE}.Debug|Any CPU.ActiveCfg = Debug|Any CPU
		{B9B3AFB7-B7D9-4CAB-8C73-05A766CD3EEE}.Debug|Any CPU.Build.0 = Debug|Any CPU
		{B9B3AFB7-B7D9-4CAB-8C73-05A766CD3EEE}.Release|Any CPU.ActiveCfg = Release|Any CPU
		{B9B3AFB7-B7D9-4CAB-8C73-05A766CD3EEE}.Release|Any CPU.Build.0 = Release|Any CPU
	EndGlobalSection
	GlobalSection(SolutionProperties) = preSolution
		HideSolutionNode = FALSE
	EndGlobalSection
	GlobalSection(ExtensibilityGlobals) = postSolution
		SolutionGuid = {2BCD7F94-1426-4F48-80B6-AAA46482DD70}
	EndGlobalSection
EndGlobal
